
Microsoft Visual Studio Solution File, Format Version 12.00
# Visual Studio Version 17
VisualStudioVersion = 17.13.35731.43 d17.13
MinimumVisualStudioVersion = 10.0.40219.1
Project("{8BC9CEB8-8B4A-11D0-8D11-00A0C91BC942}") = "ComplexNumber", "ComplexNumber\ComplexNumber.vcxproj", "{CEF299AD-40E0-4146-833A-78B189F099D5}"
EndProject
Global
	GlobalSection(SolutionConfigurationPlatforms) = preSolution
		Debug|x64 = Debug|x64
		Debug|x86 = Debug|x86
		Release|x64 = Release|x64
		Release|x86 = Release|x86
	EndGlobalSection
	GlobalSection(ProjectConfigurationPlatforms) = postSolution
		{CEF299AD-40E0-4146-833A-78B189F099D5}.Debug|x64.ActiveCfg = Debug|x64
		{CEF299AD-40E0-4146-833A-78B189F099D5}.Debug|x64.Build.0 = Debug|x64
		{CEF299AD-40E0-4146-833A-78B189F099D5}.Debug|x86.ActiveCfg = Debug|Win32
		{CEF299AD-40E0-4146-833A-78B189F099D5}.Debug|x86.Build.0 = Debug|Win32
		{CEF299AD-40E0-4146-833A-78B189F099D5}.Release|x64.ActiveCfg = Release|x64
		{CEF299AD-40E0-4146-833A-78B189F099D5}.Release|x64.Build.0 = Release|x64
		{CEF299AD-40E0-4146-833A-78B189F099D5}.Release|x86.ActiveCfg = Release|Win32
		{CEF299AD-40E0-4146-833A-78B189F099D5}.Release|x86.Build.0 = Release|Win32
	EndGlobalSection
	GlobalSection(SolutionProperties) = preSolution
		HideSolutionNode = FALSE
	EndGlobalSection
	GlobalSection(ExtensibilityGlobals) = postSolution
		SolutionGuid = {AFEAA4E7-F0A2-4646-92A7-5F0473FC7BA0}
	EndGlobalSection
EndGlobal
